
Microsoft Visual Studio Solution File, Format Version 12.00
# Visual Studio Version 17
VisualStudioVersion = 17.11.35312.102
MinimumVisualStudioVersion = 10.0.40219.1
Project("{FAE04EC0-301F-11D3-BF4B-00C04F79EFBC}") = "Øvelse1", "Øvelse1\Øvelse1.csproj", "{C8A55D8C-5931-4984-9F68-FFEA76B554F2}"
EndProject
Global
	GlobalSection(SolutionConfigurationPlatforms) = preSolution
		Debug|Any CPU = Debug|Any CPU
		Release|Any CPU = Release|Any CPU
	EndGlobalSection
	GlobalSection(ProjectConfigurationPlatforms) = postSolution
		{C8A55D8C-5931-4984-9F68-FFEA76B554F2}.Debug|Any CPU.ActiveCfg = Debug|Any CPU
		{C8A55D8C-5931-4984-9F68-FFEA76B554F2}.Debug|Any CPU.Build.0 = Debug|Any CPU
		{C8A55D8C-5931-4984-9F68-FFEA76B554F2}.Release|Any CPU.ActiveCfg = Release|Any CPU
		{C8A55D8C-5931-4984-9F68-FFEA76B554F2}.Release|Any CPU.Build.0 = Release|Any CPU
	EndGlobalSection
	GlobalSection(SolutionProperties) = preSolution
		HideSolutionNode = FALSE
	EndGlobalSection
	GlobalSection(ExtensibilityGlobals) = postSolution
		SolutionGuid = {55F7EAD9-A530-4348-A77A-4550963D5804}
	EndGlobalSection
EndGlobal
