
Microsoft Visual Studio Solution File, Format Version 12.00
# Visual Studio Version 17
VisualStudioVersion = 17.11.35312.102
MinimumVisualStudioVersion = 10.0.40219.1
Project("{FAE04EC0-301F-11D3-BF4B-00C04F79EFBC}") = "Øvelse1", "Øvelse1\Øvelse1.csproj", "{1E6B1166-2708-484A-8E41-28D587A23FDE}"
EndProject
Project("{FAE04EC0-301F-11D3-BF4B-00C04F79EFBC}") = "Øvelse2", "Øvelse2\Øvelse2.csproj", "{81A7F3C3-3872-465B-B6ED-E782C3017686}"
EndProject
Project("{FAE04EC0-301F-11D3-BF4B-00C04F79EFBC}") = "Øvelse3", "Øvelse3\Øvelse3.csproj", "{BDAB0CE0-AAD8-4C7E-A0B1-A192E1FD1DF3}"
EndProject
Global
	GlobalSection(SolutionConfigurationPlatforms) = preSolution
		Debug|Any CPU = Debug|Any CPU
		Release|Any CPU = Release|Any CPU
	EndGlobalSection
	GlobalSection(ProjectConfigurationPlatforms) = postSolution
		{1E6B1166-2708-484A-8E41-28D587A23FDE}.Debug|Any CPU.ActiveCfg = Debug|Any CPU
		{1E6B1166-2708-484A-8E41-28D587A23FDE}.Debug|Any CPU.Build.0 = Debug|Any CPU
		{1E6B1166-2708-484A-8E41-28D587A23FDE}.Release|Any CPU.ActiveCfg = Release|Any CPU
		{1E6B1166-2708-484A-8E41-28D587A23FDE}.Release|Any CPU.Build.0 = Release|Any CPU
		{81A7F3C3-3872-465B-B6ED-E782C3017686}.Debug|Any CPU.ActiveCfg = Debug|Any CPU
		{81A7F3C3-3872-465B-B6ED-E782C3017686}.Debug|Any CPU.Build.0 = Debug|Any CPU
		{81A7F3C3-3872-465B-B6ED-E782C3017686}.Release|Any CPU.ActiveCfg = Release|Any CPU
		{81A7F3C3-3872-465B-B6ED-E782C3017686}.Release|Any CPU.Build.0 = Release|Any CPU
		{BDAB0CE0-AAD8-4C7E-A0B1-A192E1FD1DF3}.Debug|Any CPU.ActiveCfg = Debug|Any CPU
		{BDAB0CE0-AAD8-4C7E-A0B1-A192E1FD1DF3}.Debug|Any CPU.Build.0 = Debug|Any CPU
		{BDAB0CE0-AAD8-4C7E-A0B1-A192E1FD1DF3}.Release|Any CPU.ActiveCfg = Release|Any CPU
		{BDAB0CE0-AAD8-4C7E-A0B1-A192E1FD1DF3}.Release|Any CPU.Build.0 = Release|Any CPU
	EndGlobalSection
	GlobalSection(SolutionProperties) = preSolution
		HideSolutionNode = FALSE
	EndGlobalSection
	GlobalSection(ExtensibilityGlobals) = postSolution
		SolutionGuid = {C76057A8-A85C-4107-A5B9-8450A3B7DD6F}
	EndGlobalSection
EndGlobal
