
Microsoft Visual Studio Solution File, Format Version 12.00
# Visual Studio Version 17
VisualStudioVersion = 17.2.32505.173
MinimumVisualStudioVersion = 10.0.40219.1
Project("{FAE04EC0-301F-11D3-BF4B-00C04F79EFBC}") = "ConsoleApp1", "ConsoleApp1\ConsoleApp1.csproj", "{F31990C2-5FE3-4C51-B0E0-C16F9048CBB2}"
EndProject
Global
	GlobalSection(SolutionConfigurationPlatforms) = preSolution
		Debug|Any CPU = Debug|Any CPU
		Release|Any CPU = Release|Any CPU
	EndGlobalSection
	GlobalSection(ProjectConfigurationPlatforms) = postSolution
		{F31990C2-5FE3-4C51-B0E0-C16F9048CBB2}.Debug|Any CPU.ActiveCfg = Debug|Any CPU
		{F31990C2-5FE3-4C51-B0E0-C16F9048CBB2}.Debug|Any CPU.Build.0 = Debug|Any CPU
		{F31990C2-5FE3-4C51-B0E0-C16F9048CBB2}.Release|Any CPU.ActiveCfg = Release|Any CPU
		{F31990C2-5FE3-4C51-B0E0-C16F9048CBB2}.Release|Any CPU.Build.0 = Release|Any CPU
	EndGlobalSection
	GlobalSection(SolutionProperties) = preSolution
		HideSolutionNode = FALSE
	EndGlobalSection
	GlobalSection(ExtensibilityGlobals) = postSolution
		SolutionGuid = {072864E4-BC7B-4D8D-A56B-DC9D55C3FE87}
	EndGlobalSection
EndGlobal
